
Microsoft Visual Studio Solution File, Format Version 12.00
# Visual Studio Version 17
VisualStudioVersion = 17.14.36915.13 d17.14
MinimumVisualStudioVersion = 10.0.40219.1
Project("{FAE04EC0-301F-11D3-BF4B-00C04F79EFBC}") = "ProductService.Api", "ProductService.Api\ProductService.Api.csproj", "{6E416668-8E60-48F1-87AF-64CD5BDD8153}"
EndProject
Project("{FAE04EC0-301F-11D3-BF4B-00C04F79EFBC}") = "DataAccessLayer", "DataAccessLayer\DataAccessLayer.csproj", "{3247AC31-9088-4B7C-9624-455BD745B0B5}"
EndProject
Project("{FAE04EC0-301F-11D3-BF4B-00C04F79EFBC}") = "BussnissLogicLayer", "BussnissLogicLayer\BussnissLogicLayer.csproj", "{87783B24-AB36-4C82-A3B0-4B4351C4529D}"
EndProject
Global
	GlobalSection(SolutionConfigurationPlatforms) = preSolution
		Debug|Any CPU = Debug|Any CPU
		Release|Any CPU = Release|Any CPU
	EndGlobalSection
	GlobalSection(ProjectConfigurationPlatforms) = postSolution
		{6E416668-8E60-48F1-87AF-64CD5BDD8153}.Debug|Any CPU.ActiveCfg = Debug|Any CPU
		{6E416668-8E60-48F1-87AF-64CD5BDD8153}.Debug|Any CPU.Build.0 = Debug|Any CPU
		{6E416668-8E60-48F1-87AF-64CD5BDD8153}.Release|Any CPU.ActiveCfg = Release|Any CPU
		{6E416668-8E60-48F1-87AF-64CD5BDD8153}.Release|Any CPU.Build.0 = Release|Any CPU
		{3247AC31-9088-4B7C-9624-455BD745B0B5}.Debug|Any CPU.ActiveCfg = Debug|Any CPU
		{3247AC31-9088-4B7C-9624-455BD745B0B5}.Debug|Any CPU.Build.0 = Debug|Any CPU
		{3247AC31-9088-4B7C-9624-455BD745B0B5}.Release|Any CPU.ActiveCfg = Release|Any CPU
		{3247AC31-9088-4B7C-9624-455BD745B0B5}.Release|Any CPU.Build.0 = Release|Any CPU
		{87783B24-AB36-4C82-A3B0-4B4351C4529D}.Debug|Any CPU.ActiveCfg = Debug|Any CPU
		{87783B24-AB36-4C82-A3B0-4B4351C4529D}.Debug|Any CPU.Build.0 = Debug|Any CPU
		{87783B24-AB36-4C82-A3B0-4B4351C4529D}.Release|Any CPU.ActiveCfg = Release|Any CPU
		{87783B24-AB36-4C82-A3B0-4B4351C4529D}.Release|Any CPU.Build.0 = Release|Any CPU
	EndGlobalSection
	GlobalSection(SolutionProperties) = preSolution
		HideSolutionNode = FALSE
	EndGlobalSection
	GlobalSection(ExtensibilityGlobals) = postSolution
		SolutionGuid = {63B4EEDE-7B32-4FBC-913A-0A2A4027804E}
	EndGlobalSection
EndGlobal
